npm-cli npm/cli 51c2bf81fa2c31547d0fec44fff2aaac3d9a9862 package-lock.json
axios axios/axios e6824eec5fcf9da467a9792724396badc490c469 package-lock.json
react facebook/react eb8feb71096eec5c885b2a4c7d8d030d3622f265 yarn.lock
babel babel/babel 0530a49a5e9a32a4376ac1bf922a46436b419f1a yarn.lock
vite vitejs/vite 83ecb2c8059e8ce946a7cc835d4c14ef78aef4fd pnpm-lock.yaml
vue-core vuejs/core a2b40db9a83b36ed9da3a16403cf8f040262d73f pnpm-lock.yaml
poetry python-poetry/poetry 92b74dcfe348d0e01e14d40d6c1fa47a4ee04a54 poetry.lock
pydantic pydantic/pydantic aeeefbeabadc3179ecd3738216a95f61e7f4e0d9 uv.lock
